
Microsoft Visual Studio Solution File, Format Version 12.00
# Visual Studio Version 17
VisualStudioVersion = 17.11.35312.102
MinimumVisualStudioVersion = 10.0.40219.1
Project("{FAE04EC0-301F-11D3-BF4B-00C04F79EFBC}") = "Project", "Project\Project.csproj", "{3D9B8934-E99F-44F2-A39C-84A36E8CD28F}"
EndProject
Project("{FAE04EC0-301F-11D3-BF4B-00C04F79EFBC}") = "TestProject", "TestProject\TestProject.csproj", "{88EBD371-87F7-4A34-8842-5F93FE842266}"
EndProject
Global
	GlobalSection(SolutionConfigurationPlatforms) = preSolution
		Debug|Any CPU = Debug|Any CPU
		Release|Any CPU = Release|Any CPU
	EndGlobalSection
	GlobalSection(ProjectConfigurationPlatforms) = postSolution
		{3D9B8934-E99F-44F2-A39C-84A36E8CD28F}.Debug|Any CPU.ActiveCfg = Debug|Any CPU
		{3D9B8934-E99F-44F2-A39C-84A36E8CD28F}.Debug|Any CPU.Build.0 = Debug|Any CPU
		{3D9B8934-E99F-44F2-A39C-84A36E8CD28F}.Release|Any CPU.ActiveCfg = Release|Any CPU
		{3D9B8934-E99F-44F2-A39C-84A36E8CD28F}.Release|Any CPU.Build.0 = Release|Any CPU
		{88EBD371-87F7-4A34-8842-5F93FE842266}.Debug|Any CPU.ActiveCfg = Debug|Any CPU
		{88EBD371-87F7-4A34-8842-5F93FE842266}.Debug|Any CPU.Build.0 = Debug|Any CPU
		{88EBD371-87F7-4A34-8842-5F93FE842266}.Release|Any CPU.ActiveCfg = Release|Any CPU
		{88EBD371-87F7-4A34-8842-5F93FE842266}.Release|Any CPU.Build.0 = Release|Any CPU
	EndGlobalSection
	GlobalSection(SolutionProperties) = preSolution
		HideSolutionNode = FALSE
	EndGlobalSection
	GlobalSection(ExtensibilityGlobals) = postSolution
		SolutionGuid = {69FAE512-71D2-4866-B9B3-B9DD637465EB}
	EndGlobalSection
EndGlobal
